
Microsoft Visual Studio Solution File, Format Version 12.00
# Visual Studio 15
VisualStudioVersion = 15.0.27130.2010
MinimumVisualStudioVersion = 10.0.40219.1
Project("{FAE04EC0-301F-11D3-BF4B-00C04F79EFBC}") = "Logicando", "Logicando\Logicando.csproj", "{7A06EEC2-484E-426F-8843-1733967A787E}"
EndProject
Global
	GlobalSection(SolutionConfigurationPlatforms) = preSolution
		Debug|Any CPU = Debug|Any CPU
		Release|Any CPU = Release|Any CPU
	EndGlobalSection
	GlobalSection(ProjectConfigurationPlatforms) = postSolution
		{7A06EEC2-484E-426F-8843-1733967A787E}.Debug|Any CPU.ActiveCfg = Debug|Any CPU
		{7A06EEC2-484E-426F-8843-1733967A787E}.Debug|Any CPU.Build.0 = Debug|Any CPU
		{7A06EEC2-484E-426F-8843-1733967A787E}.Release|Any CPU.ActiveCfg = Release|Any CPU
		{7A06EEC2-484E-426F-8843-1733967A787E}.Release|Any CPU.Build.0 = Release|Any CPU
	EndGlobalSection
	GlobalSection(SolutionProperties) = preSolution
		HideSolutionNode = FALSE
	EndGlobalSection
	GlobalSection(ExtensibilityGlobals) = postSolution
		SolutionGuid = {61D9E213-1161-4292-AEB1-05FB09DF10CB}
	EndGlobalSection
EndGlobal
